// !$*UTF8*$!
{
	archiveVersion = 1;
	classes = {
	};
	objectVersion = 56;
	objects = {

/* Begin PBXBuildFile section */
		01C88DBB5578F2DEAFB70707 /* RallyWatch/RallyWatchApp.swift in Sources */ = {isa = PBXBuildFile; fileRef = BD7858846B0BBE12CD75129D /* RallyWatch/RallyWatchApp.swift */; };
		0C16002EE4CD21AAD3C5F88C /* RallyTrip/Views/SettingsView.swift in Sources */ = {isa = PBXBuildFile; fileRef = BFEDEC63161CC0FB7231B5F8 /* RallyTrip/Views/SettingsView.swift */; };
		0FE601261305888A1675953F /* Sources/RallyCore/DistanceEngine.swift in Sources */ = {isa = PBXBuildFile; fileRef = 0AF7FE296318F56FFB19E72F /* Sources/RallyCore/DistanceEngine.swift */; };
		16235C4801DBBCD21BB14746 /* RallyTrip/Views/Components.swift in Sources */ = {isa = PBXBuildFile; fileRef = 615038E8194968DED9696FD7 /* RallyTrip/Views/Components.swift */; };
		16C11F3602842DDB2E29803E /* Sources/RallyCore/WatchProtocol.swift in Sources */ = {isa = PBXBuildFile; fileRef = 49439D8BA5120D4B041703C3 /* Sources/RallyCore/WatchProtocol.swift */; };
		1723802280C8A29E6F07D14D /* RallyTrip/Services/RallySession.swift in Sources */ = {isa = PBXBuildFile; fileRef = A198038745EB5288AFE1C3AB /* RallyTrip/Services/RallySession.swift */; };
		1CE8DFA3ABEC2C0EC808EED3 /* RallyTrip/Assets.xcassets in Resources */ = {isa = PBXBuildFile; fileRef = 53FFA4975B6606D56E784FD1 /* RallyTrip/Assets.xcassets */; };
		1CEA57997CF89BC1979D787C /* RallyTrip/Views/CalibrationView.swift in Sources */ = {isa = PBXBuildFile; fileRef = D40733C95A4B1313F680648A /* RallyTrip/Views/CalibrationView.swift */; };
		1FC28F999DEB876868A89592 /* Sources/RallyCore/Calibration.swift in Sources */ = {isa = PBXBuildFile; fileRef = FF0DB5191F0FD570724CB068 /* Sources/RallyCore/Calibration.swift */; };
		509BAF88AE1DA7B640C93BD3 /* Sources/RallyCore/Models.swift in Sources */ = {isa = PBXBuildFile; fileRef = DBB6086311B29EFACED5BDEE /* Sources/RallyCore/Models.swift */; };
		53D7F42FAA6B4AA8B7F467FC /* RallyTrip/Views/RegularityView.swift in Sources */ = {isa = PBXBuildFile; fileRef = 9C0B69F7F3B0469F09B7893F /* RallyTrip/Views/RegularityView.swift */; };
		6D18D6896A7640C49EEC77EB /* RallyWatch/Assets.xcassets in Resources */ = {isa = PBXBuildFile; fileRef = B01CCE1056993415B043BCCF /* RallyWatch/Assets.xcassets */; };
		7192B1E0931C1AF097F91AB8 /* RallyTrip/Views/HomeView.swift in Sources */ = {isa = PBXBuildFile; fileRef = CC87898362F60D51B0318695 /* RallyTrip/Views/HomeView.swift */; };
		885F31381DF486B96707932E /* RallyTrip/App/RallyTripApp.swift in Sources */ = {isa = PBXBuildFile; fileRef = 4AFB12F99BF0332D7C72078B /* RallyTrip/App/RallyTripApp.swift */; };
		8A8C36DA93987B349E60FEA9 /* RallyWatch/WatchDashboard.swift in Sources */ = {isa = PBXBuildFile; fileRef = 67C97DB2D256D03713B7C7B7 /* RallyWatch/WatchDashboard.swift */; };
		8EFCB7EACA2CEF5EBB1AB796 /* RallyTrip/Storage/RallyStore.swift in Sources */ = {isa = PBXBuildFile; fileRef = 5B4548A3E65F6A7514127A63 /* RallyTrip/Storage/RallyStore.swift */; };
		9296A207F3BCF256230AD72C /* RallyTrip/Services/LocationEngine.swift in Sources */ = {isa = PBXBuildFile; fileRef = 2E51595F723ED4DD2A544717 /* RallyTrip/Services/LocationEngine.swift */; };
		AB30A4615116D5BBF4C0E802 /* Sources/RallyCore/WatchProtocol.swift in Sources */ = {isa = PBXBuildFile; fileRef = 49439D8BA5120D4B041703C3 /* Sources/RallyCore/WatchProtocol.swift */; };
		ADE8791C8A7FFF011FD9979D /* RallyTrip/Views/RouteView.swift in Sources */ = {isa = PBXBuildFile; fileRef = 29DCEC25879BB895FAA27E7C /* RallyTrip/Views/RouteView.swift */; };
		B07A1B7D5E645D973B216268 /* RallyTrip/Services/PhoneWatchBridge.swift in Sources */ = {isa = PBXBuildFile; fileRef = 2A21EBC5CDC1F511173C2F85 /* RallyTrip/Services/PhoneWatchBridge.swift */; };
		B585F7164EE4850638111417 /* Sources/RallyCore/RegularityEngine.swift in Sources */ = {isa = PBXBuildFile; fileRef = F54D3E6687492DF1AC8E38BD /* Sources/RallyCore/RegularityEngine.swift */; };
		C1D720062A179FF6D17ED21B /* RallyTrip/PrivacyInfo.xcprivacy in Resources */ = {isa = PBXBuildFile; fileRef = AD66E3E900FEF81F78E83555 /* RallyTrip/PrivacyInfo.xcprivacy */; };
		C9EDF5F6BB296FCCA807609B /* RallyWatch.app in Embed Watch Content */ = {isa = PBXBuildFile; fileRef = DF5B8D04687B42C2687A9EF3 /* RallyWatch.app */; settings = {ATTRIBUTES = (RemoveHeadersOnCopy, ); }; };
		E77C0E7FBA4A20846FB92AF3 /* RallyWatch/WatchConnection.swift in Sources */ = {isa = PBXBuildFile; fileRef = 4F4CB0FA6E08AF2CBD01E6B7 /* RallyWatch/WatchConnection.swift */; };
		ED6C93AE881B7DC0D970D0D0 /* RallyTrip/Views/TripmasterView.swift in Sources */ = {isa = PBXBuildFile; fileRef = 1989D33113B0C2EDE3F4B7F8 /* RallyTrip/Views/TripmasterView.swift */; };
		F3835B8F98851191FC6792F7 /* RallyTrip/PrivacyInfo.xcprivacy in Resources */ = {isa = PBXBuildFile; fileRef = AD66E3E900FEF81F78E83555 /* RallyTrip/PrivacyInfo.xcprivacy */; };
/* End PBXBuildFile section */

/* Begin PBXContainerItemProxy section */
		E58B6CEB64A55D12B5B01B27 /* PBXContainerItemProxy */ = {
			isa = PBXContainerItemProxy;
			containerPortal = 244210E48437B6556980A702 /* Project object */;
			proxyType = 1;
			remoteGlobalIDString = DA8D631EF6E840E40452CBD0;
			remoteInfo = RallyWatch;
		};
/* End PBXContainerItemProxy section */

/* Begin PBXCopyFilesBuildPhase section */
		0CEA60F04830969E4A592BB0 /* Embed Watch Content */ = {
			isa = PBXCopyFilesBuildPhase;
			buildActionMask = 2147483647;
			dstPath = "$(CONTENTS_FOLDER_PATH)/Watch";
			dstSubfolderSpec = 16;
			files = (
				C9EDF5F6BB296FCCA807609B /* RallyWatch.app in Embed Watch Content */,
			);
			name = "Embed Watch Content";
			runOnlyForDeploymentPostprocessing = 0;
		};
/* End PBXCopyFilesBuildPhase section */

/* Begin PBXFileReference section */
		0AF7FE296318F56FFB19E72F /* Sources/RallyCore/DistanceEngine.swift */ = {isa = PBXFileReference; lastKnownFileType = sourcecode.swift; path = Sources/RallyCore/DistanceEngine.swift; sourceTree = SOURCE_ROOT; };
		1989D33113B0C2EDE3F4B7F8 /* RallyTrip/Views/TripmasterView.swift */ = {isa = PBXFileReference; lastKnownFileType = sourcecode.swift; path = RallyTrip/Views/TripmasterView.swift; sourceTree = SOURCE_ROOT; };
		29DCEC25879BB895FAA27E7C /* RallyTrip/Views/RouteView.swift */ = {isa = PBXFileReference; lastKnownFileType = sourcecode.swift; path = RallyTrip/Views/RouteView.swift; sourceTree = SOURCE_ROOT; };
		2A21EBC5CDC1F511173C2F85 /* RallyTrip/Services/PhoneWatchBridge.swift */ = {isa = PBXFileReference; lastKnownFileType = sourcecode.swift; path = RallyTrip/Services/PhoneWatchBridge.swift; sourceTree = SOURCE_ROOT; };
		2E51595F723ED4DD2A544717 /* RallyTrip/Services/LocationEngine.swift */ = {isa = PBXFileReference; lastKnownFileType = sourcecode.swift; path = RallyTrip/Services/LocationEngine.swift; sourceTree = SOURCE_ROOT; };
		49439D8BA5120D4B041703C3 /* Sources/RallyCore/WatchProtocol.swift */ = {isa = PBXFileReference; lastKnownFileType = sourcecode.swift; path = Sources/RallyCore/WatchProtocol.swift; sourceTree = SOURCE_ROOT; };
		4AFB12F99BF0332D7C72078B /* RallyTrip/App/RallyTripApp.swift */ = {isa = PBXFileReference; lastKnownFileType = sourcecode.swift; path = RallyTrip/App/RallyTripApp.swift; sourceTree = SOURCE_ROOT; };
		4F4CB0FA6E08AF2CBD01E6B7 /* RallyWatch/WatchConnection.swift */ = {isa = PBXFileReference; lastKnownFileType = sourcecode.swift; path = RallyWatch/WatchConnection.swift; sourceTree = SOURCE_ROOT; };
		53FFA4975B6606D56E784FD1 /* RallyTrip/Assets.xcassets */ = {isa = PBXFileReference; lastKnownFileType = folder.assetcatalog; path = RallyTrip/Assets.xcassets; sourceTree = SOURCE_ROOT; };
		5B4548A3E65F6A7514127A63 /* RallyTrip/Storage/RallyStore.swift */ = {isa = PBXFileReference; lastKnownFileType = sourcecode.swift; path = RallyTrip/Storage/RallyStore.swift; sourceTree = SOURCE_ROOT; };
		615038E8194968DED9696FD7 /* RallyTrip/Views/Components.swift */ = {isa = PBXFileReference; lastKnownFileType = sourcecode.swift; path = RallyTrip/Views/Components.swift; sourceTree = SOURCE_ROOT; };
		67C97DB2D256D03713B7C7B7 /* RallyWatch/WatchDashboard.swift */ = {isa = PBXFileReference; lastKnownFileType = sourcecode.swift; path = RallyWatch/WatchDashboard.swift; sourceTree = SOURCE_ROOT; };
		9C0B69F7F3B0469F09B7893F /* RallyTrip/Views/RegularityView.swift */ = {isa = PBXFileReference; lastKnownFileType = sourcecode.swift; path = RallyTrip/Views/RegularityView.swift; sourceTree = SOURCE_ROOT; };
		A198038745EB5288AFE1C3AB /* RallyTrip/Services/RallySession.swift */ = {isa = PBXFileReference; lastKnownFileType = sourcecode.swift; path = RallyTrip/Services/RallySession.swift; sourceTree = SOURCE_ROOT; };
		A8792157CB4F27FB949C035F /* RallyTrip.app */ = {isa = PBXFileReference; explicitFileType = wrapper.application; path = RallyTrip.app; sourceTree = BUILT_PRODUCTS_DIR; };
		AD66E3E900FEF81F78E83555 /* RallyTrip/PrivacyInfo.xcprivacy */ = {isa = PBXFileReference; lastKnownFileType = text.xml; path = RallyTrip/PrivacyInfo.xcprivacy; sourceTree = SOURCE_ROOT; };
		B01CCE1056993415B043BCCF /* RallyWatch/Assets.xcassets */ = {isa = PBXFileReference; lastKnownFileType = folder.assetcatalog; path = RallyWatch/Assets.xcassets; sourceTree = SOURCE_ROOT; };
		BD7858846B0BBE12CD75129D /* RallyWatch/RallyWatchApp.swift */ = {isa = PBXFileReference; lastKnownFileType = sourcecode.swift; path = RallyWatch/RallyWatchApp.swift; sourceTree = SOURCE_ROOT; };
		BFEDEC63161CC0FB7231B5F8 /* RallyTrip/Views/SettingsView.swift */ = {isa = PBXFileReference; lastKnownFileType = sourcecode.swift; path = RallyTrip/Views/SettingsView.swift; sourceTree = SOURCE_ROOT; };
		CC87898362F60D51B0318695 /* RallyTrip/Views/HomeView.swift */ = {isa = PBXFileReference; lastKnownFileType = sourcecode.swift; path = RallyTrip/Views/HomeView.swift; sourceTree = SOURCE_ROOT; };
		D40733C95A4B1313F680648A /* RallyTrip/Views/CalibrationView.swift */ = {isa = PBXFileReference; lastKnownFileType = sourcecode.swift; path = RallyTrip/Views/CalibrationView.swift; sourceTree = SOURCE_ROOT; };
		DBB6086311B29EFACED5BDEE /* Sources/RallyCore/Models.swift */ = {isa = PBXFileReference; lastKnownFileType = sourcecode.swift; path = Sources/RallyCore/Models.swift; sourceTree = SOURCE_ROOT; };
		DF5B8D04687B42C2687A9EF3 /* RallyWatch.app */ = {isa = PBXFileReference; explicitFileType = wrapper.application; path = RallyWatch.app; sourceTree = BUILT_PRODUCTS_DIR; };
		F54D3E6687492DF1AC8E38BD /* Sources/RallyCore/RegularityEngine.swift */ = {isa = PBXFileReference; lastKnownFileType = sourcecode.swift; path = Sources/RallyCore/RegularityEngine.swift; sourceTree = SOURCE_ROOT; };
		FF0DB5191F0FD570724CB068 /* Sources/RallyCore/Calibration.swift */ = {isa = PBXFileReference; lastKnownFileType = sourcecode.swift; path = Sources/RallyCore/Calibration.swift; sourceTree = SOURCE_ROOT; };
/* End PBXFileReference section */

/* Begin PBXFrameworksBuildPhase section */
		3AEE80AFC0750751A8ED010C /* Frameworks */ = {
			isa = PBXFrameworksBuildPhase;
			buildActionMask = 2147483647;
			files = (
			);
			runOnlyForDeploymentPostprocessing = 0;
		};
		E2AA269EB967A8853A258BFA /* Frameworks */ = {
			isa = PBXFrameworksBuildPhase;
			buildActionMask = 2147483647;
			files = (
			);
			runOnlyForDeploymentPostprocessing = 0;
		};
/* End PBXFrameworksBuildPhase section */

/* Begin PBXGroup section */
		0035FE99EA2940F7FA633A58 = {
			isa = PBXGroup;
			children = (
				4AFB12F99BF0332D7C72078B /* RallyTrip/App/RallyTripApp.swift */,
				2E51595F723ED4DD2A544717 /* RallyTrip/Services/LocationEngine.swift */,
				2A21EBC5CDC1F511173C2F85 /* RallyTrip/Services/PhoneWatchBridge.swift */,
				A198038745EB5288AFE1C3AB /* RallyTrip/Services/RallySession.swift */,
				5B4548A3E65F6A7514127A63 /* RallyTrip/Storage/RallyStore.swift */,
				D40733C95A4B1313F680648A /* RallyTrip/Views/CalibrationView.swift */,
				615038E8194968DED9696FD7 /* RallyTrip/Views/Components.swift */,
				CC87898362F60D51B0318695 /* RallyTrip/Views/HomeView.swift */,
				9C0B69F7F3B0469F09B7893F /* RallyTrip/Views/RegularityView.swift */,
				29DCEC25879BB895FAA27E7C /* RallyTrip/Views/RouteView.swift */,
				BFEDEC63161CC0FB7231B5F8 /* RallyTrip/Views/SettingsView.swift */,
				1989D33113B0C2EDE3F4B7F8 /* RallyTrip/Views/TripmasterView.swift */,
				FF0DB5191F0FD570724CB068 /* Sources/RallyCore/Calibration.swift */,
				0AF7FE296318F56FFB19E72F /* Sources/RallyCore/DistanceEngine.swift */,
				DBB6086311B29EFACED5BDEE /* Sources/RallyCore/Models.swift */,
				F54D3E6687492DF1AC8E38BD /* Sources/RallyCore/RegularityEngine.swift */,
				49439D8BA5120D4B041703C3 /* Sources/RallyCore/WatchProtocol.swift */,
				53FFA4975B6606D56E784FD1 /* RallyTrip/Assets.xcassets */,
				AD66E3E900FEF81F78E83555 /* RallyTrip/PrivacyInfo.xcprivacy */,
				BD7858846B0BBE12CD75129D /* RallyWatch/RallyWatchApp.swift */,
				4F4CB0FA6E08AF2CBD01E6B7 /* RallyWatch/WatchConnection.swift */,
				67C97DB2D256D03713B7C7B7 /* RallyWatch/WatchDashboard.swift */,
				B01CCE1056993415B043BCCF /* RallyWatch/Assets.xcassets */,
				5BAB63C60BF318DAB40A4F04 /* Products */,
			);
			sourceTree = "<group>";
		};
		5BAB63C60BF318DAB40A4F04 /* Products */ = {
			isa = PBXGroup;
			children = (
				A8792157CB4F27FB949C035F /* RallyTrip.app */,
				DF5B8D04687B42C2687A9EF3 /* RallyWatch.app */,
			);
			name = Products;
			sourceTree = "<group>";
		};
/* End PBXGroup section */

/* Begin PBXNativeTarget section */
		34A04005BCAF206EEC990BD9 /* RallyTrip */ = {
			isa = PBXNativeTarget;
			buildConfigurationList = 2D595961F8662B2914D28638 /* Build configuration list for PBXNativeTarget "RallyTrip" */;
			buildPhases = (
				878A52FC5FF6A57D50B7B870 /* Sources */,
				E2AA269EB967A8853A258BFA /* Frameworks */,
				41D311A605520FC7B8B9A980 /* Resources */,
				0CEA60F04830969E4A592BB0 /* Embed Watch Content */,
			);
			buildRules = (
			);
			dependencies = (
				F21179846E5C08211227A457 /* PBXTargetDependency */,
			);
			name = RallyTrip;
			productName = RallyTrip;
			productReference = A8792157CB4F27FB949C035F /* RallyTrip.app */;
			productType = "com.apple.product-type.application";
		};
		DA8D631EF6E840E40452CBD0 /* RallyWatch */ = {
			isa = PBXNativeTarget;
			buildConfigurationList = E9BE828CC212C0C2DBE70A71 /* Build configuration list for PBXNativeTarget "RallyWatch" */;
			buildPhases = (
				608F9105E4C5EFB0E688EDE3 /* Sources */,
				3AEE80AFC0750751A8ED010C /* Frameworks */,
				6C0E2975ABCE5E395824DAFD /* Resources */,
			);
			buildRules = (
			);
			dependencies = (
			);
			name = RallyWatch;
			productName = RallyWatch;
			productReference = DF5B8D04687B42C2687A9EF3 /* RallyWatch.app */;
			productType = "com.apple.product-type.application";
		};
/* End PBXNativeTarget section */

/* Begin PBXProject section */
		244210E48437B6556980A702 /* Project object */ = {
			isa = PBXProject;
			attributes = {
				LastUpgradeCheck = 1600;
				TargetAttributes = {
					34A04005BCAF206EEC990BD9 = {
						CreatedOnToolsVersion = 16.0;
					};
					DA8D631EF6E840E40452CBD0 = {
						CreatedOnToolsVersion = 16.0;
					};
				};
			};
			buildConfigurationList = F1EC23546E9F76EBA9380829 /* Build configuration list for PBXProject "RallyTrip" */;
			compatibilityVersion = "Xcode 14.0";
			developmentRegion = de;
			hasScannedForEncodings = 0;
			knownRegions = (
				de,
				en,
				Base,
			);
			mainGroup = 0035FE99EA2940F7FA633A58;
			productRefGroup = 5BAB63C60BF318DAB40A4F04 /* Products */;
			projectDirPath = "";
			projectRoot = "";
			targets = (
				34A04005BCAF206EEC990BD9 /* RallyTrip */,
				DA8D631EF6E840E40452CBD0 /* RallyWatch */,
			);
		};
/* End PBXProject section */

/* Begin PBXResourcesBuildPhase section */
		41D311A605520FC7B8B9A980 /* Resources */ = {
			isa = PBXResourcesBuildPhase;
			buildActionMask = 2147483647;
			files = (
				1CE8DFA3ABEC2C0EC808EED3 /* RallyTrip/Assets.xcassets in Resources */,
				F3835B8F98851191FC6792F7 /* RallyTrip/PrivacyInfo.xcprivacy in Resources */,
			);
			runOnlyForDeploymentPostprocessing = 0;
		};
		6C0E2975ABCE5E395824DAFD /* Resources */ = {
			isa = PBXResourcesBuildPhase;
			buildActionMask = 2147483647;
			files = (
				6D18D6896A7640C49EEC77EB /* RallyWatch/Assets.xcassets in Resources */,
				C1D720062A179FF6D17ED21B /* RallyTrip/PrivacyInfo.xcprivacy in Resources */,
			);
			runOnlyForDeploymentPostprocessing = 0;
		};
/* End PBXResourcesBuildPhase section */

/* Begin PBXSourcesBuildPhase section */
		608F9105E4C5EFB0E688EDE3 /* Sources */ = {
			isa = PBXSourcesBuildPhase;
			buildActionMask = 2147483647;
			files = (
				01C88DBB5578F2DEAFB70707 /* RallyWatch/RallyWatchApp.swift in Sources */,
				E77C0E7FBA4A20846FB92AF3 /* RallyWatch/WatchConnection.swift in Sources */,
				8A8C36DA93987B349E60FEA9 /* RallyWatch/WatchDashboard.swift in Sources */,
				AB30A4615116D5BBF4C0E802 /* Sources/RallyCore/WatchProtocol.swift in Sources */,
			);
			runOnlyForDeploymentPostprocessing = 0;
		};
		878A52FC5FF6A57D50B7B870 /* Sources */ = {
			isa = PBXSourcesBuildPhase;
			buildActionMask = 2147483647;
			files = (
				885F31381DF486B96707932E /* RallyTrip/App/RallyTripApp.swift in Sources */,
				9296A207F3BCF256230AD72C /* RallyTrip/Services/LocationEngine.swift in Sources */,
				B07A1B7D5E645D973B216268 /* RallyTrip/Services/PhoneWatchBridge.swift in Sources */,
				1723802280C8A29E6F07D14D /* RallyTrip/Services/RallySession.swift in Sources */,
				8EFCB7EACA2CEF5EBB1AB796 /* RallyTrip/Storage/RallyStore.swift in Sources */,
				1CEA57997CF89BC1979D787C /* RallyTrip/Views/CalibrationView.swift in Sources */,
				16235C4801DBBCD21BB14746 /* RallyTrip/Views/Components.swift in Sources */,
				7192B1E0931C1AF097F91AB8 /* RallyTrip/Views/HomeView.swift in Sources */,
				53D7F42FAA6B4AA8B7F467FC /* RallyTrip/Views/RegularityView.swift in Sources */,
				ADE8791C8A7FFF011FD9979D /* RallyTrip/Views/RouteView.swift in Sources */,
				0C16002EE4CD21AAD3C5F88C /* RallyTrip/Views/SettingsView.swift in Sources */,
				ED6C93AE881B7DC0D970D0D0 /* RallyTrip/Views/TripmasterView.swift in Sources */,
				1FC28F999DEB876868A89592 /* Sources/RallyCore/Calibration.swift in Sources */,
				0FE601261305888A1675953F /* Sources/RallyCore/DistanceEngine.swift in Sources */,
				509BAF88AE1DA7B640C93BD3 /* Sources/RallyCore/Models.swift in Sources */,
				B585F7164EE4850638111417 /* Sources/RallyCore/RegularityEngine.swift in Sources */,
				16C11F3602842DDB2E29803E /* Sources/RallyCore/WatchProtocol.swift in Sources */,
			);
			runOnlyForDeploymentPostprocessing = 0;
		};
/* End PBXSourcesBuildPhase section */

/* Begin PBXTargetDependency section */
		F21179846E5C08211227A457 /* PBXTargetDependency */ = {
			isa = PBXTargetDependency;
			target = DA8D631EF6E840E40452CBD0 /* RallyWatch */;
			targetProxy = E58B6CEB64A55D12B5B01B27 /* PBXContainerItemProxy */;
		};
/* End PBXTargetDependency section */

/* Begin XCBuildConfiguration section */
		07CA1E69F6068DEA30A4DA6B /* Release */ = {
			isa = XCBuildConfiguration;
			buildSettings = {
				CLANG_ENABLE_MODULES = YES;
				DEBUG_INFORMATION_FORMAT = "dwarf-with-dsym";
				ENABLE_TESTABILITY = NO;
				IPHONEOS_DEPLOYMENT_TARGET = 17.0;
				SDKROOT = iphoneos;
				SWIFT_ACTIVE_COMPILATION_CONDITIONS = "";
				SWIFT_OPTIMIZATION_LEVEL = "-O";
				SWIFT_STRICT_CONCURRENCY = targeted;
				SWIFT_VERSION = 5.0;
			};
			name = Release;
		};
		0A8AC1946BEF100E97BBF28C /* Release */ = {
			isa = XCBuildConfiguration;
			buildSettings = {
				ASSETCATALOG_COMPILER_APPICON_NAME = AppIcon;
				CODE_SIGN_STYLE = Automatic;
				CURRENT_PROJECT_VERSION = 1;
				DEVELOPMENT_TEAM = ABQJ67GGCQ;
				GENERATE_INFOPLIST_FILE = NO;
				INFOPLIST_FILE = RallyWatch/Info.plist;
				LD_RUNPATH_SEARCH_PATHS = (
					"$(inherited)",
					"@executable_path/Frameworks",
				);
				MARKETING_VERSION = 1.0;
				PRODUCT_BUNDLE_IDENTIFIER = de.rallytrip.app.watchkitapp;
				PRODUCT_NAME = "$(TARGET_NAME)";
				SDKROOT = watchos;
				SKIP_INSTALL = YES;
				SUPPORTED_PLATFORMS = "watchos watchsimulator";
				TARGETED_DEVICE_FAMILY = 4;
				WATCHOS_DEPLOYMENT_TARGET = 10.0;
			};
			name = Release;
		};
		2B23A31EEC75B029432F2445 /* Debug */ = {
			isa = XCBuildConfiguration;
			buildSettings = {
				CLANG_ENABLE_MODULES = YES;
				DEBUG_INFORMATION_FORMAT = dwarf;
				ENABLE_TESTABILITY = YES;
				IPHONEOS_DEPLOYMENT_TARGET = 17.0;
				SDKROOT = iphoneos;
				SWIFT_ACTIVE_COMPILATION_CONDITIONS = DEBUG;
				SWIFT_OPTIMIZATION_LEVEL = "-Onone";
				SWIFT_STRICT_CONCURRENCY = targeted;
				SWIFT_VERSION = 5.0;
			};
			name = Debug;
		};
		594BCDCC96599D88EF772A08 /* Release */ = {
			isa = XCBuildConfiguration;
			buildSettings = {
				ASSETCATALOG_COMPILER_APPICON_NAME = AppIcon;
				CODE_SIGN_STYLE = Automatic;
				CURRENT_PROJECT_VERSION = 1;
				DEVELOPMENT_TEAM = ABQJ67GGCQ;
				GENERATE_INFOPLIST_FILE = NO;
				INFOPLIST_FILE = RallyTrip/Info.plist;
				LD_RUNPATH_SEARCH_PATHS = (
					"$(inherited)",
					"@executable_path/Frameworks",
				);
				MARKETING_VERSION = 1.0;
				PRODUCT_BUNDLE_IDENTIFIER = de.rallytrip.app;
				PRODUCT_NAME = "$(TARGET_NAME)";
				SUPPORTED_PLATFORMS = "iphoneos iphonesimulator";
				SUPPORTS_MACCATALYST = NO;
				TARGETED_DEVICE_FAMILY = 1;
			};
			name = Release;
		};
		952327A118ECB0BDEA5E3E9E /* Debug */ = {
			isa = XCBuildConfiguration;
			buildSettings = {
				ASSETCATALOG_COMPILER_APPICON_NAME = AppIcon;
				CODE_SIGN_STYLE = Automatic;
				CURRENT_PROJECT_VERSION = 1;
				DEVELOPMENT_TEAM = ABQJ67GGCQ;
				GENERATE_INFOPLIST_FILE = NO;
				INFOPLIST_FILE = RallyWatch/Info.plist;
				LD_RUNPATH_SEARCH_PATHS = (
					"$(inherited)",
					"@executable_path/Frameworks",
				);
				MARKETING_VERSION = 1.0;
				PRODUCT_BUNDLE_IDENTIFIER = de.rallytrip.app.watchkitapp;
				PRODUCT_NAME = "$(TARGET_NAME)";
				SDKROOT = watchos;
				SKIP_INSTALL = YES;
				SUPPORTED_PLATFORMS = "watchos watchsimulator";
				TARGETED_DEVICE_FAMILY = 4;
				WATCHOS_DEPLOYMENT_TARGET = 10.0;
			};
			name = Debug;
		};
		EDDA600A3F771F810A8065C9 /* Debug */ = {
			isa = XCBuildConfiguration;
			buildSettings = {
				ASSETCATALOG_COMPILER_APPICON_NAME = AppIcon;
				CODE_SIGN_STYLE = Automatic;
				CURRENT_PROJECT_VERSION = 1;
				DEVELOPMENT_TEAM = ABQJ67GGCQ;
				GENERATE_INFOPLIST_FILE = NO;
				INFOPLIST_FILE = RallyTrip/Info.plist;
				LD_RUNPATH_SEARCH_PATHS = (
					"$(inherited)",
					"@executable_path/Frameworks",
				);
				MARKETING_VERSION = 1.0;
				PRODUCT_BUNDLE_IDENTIFIER = de.rallytrip.app;
				PRODUCT_NAME = "$(TARGET_NAME)";
				SUPPORTED_PLATFORMS = "iphoneos iphonesimulator";
				SUPPORTS_MACCATALYST = NO;
				TARGETED_DEVICE_FAMILY = 1;
			};
			name = Debug;
		};
/* End XCBuildConfiguration section */

/* Begin XCConfigurationList section */
		2D595961F8662B2914D28638 /* Build configuration list for PBXNativeTarget "RallyTrip" */ = {
			isa = XCConfigurationList;
			buildConfigurations = (
				EDDA600A3F771F810A8065C9 /* Debug */,
				594BCDCC96599D88EF772A08 /* Release */,
			);
			defaultConfigurationIsVisible = 0;
			defaultConfigurationName = Release;
		};
		E9BE828CC212C0C2DBE70A71 /* Build configuration list for PBXNativeTarget "RallyWatch" */ = {
			isa = XCConfigurationList;
			buildConfigurations = (
				952327A118ECB0BDEA5E3E9E /* Debug */,
				0A8AC1946BEF100E97BBF28C /* Release */,
			);
			defaultConfigurationIsVisible = 0;
			defaultConfigurationName = Release;
		};
		F1EC23546E9F76EBA9380829 /* Build configuration list for PBXProject "RallyTrip" */ = {
			isa = XCConfigurationList;
			buildConfigurations = (
				2B23A31EEC75B029432F2445 /* Debug */,
				07CA1E69F6068DEA30A4DA6B /* Release */,
			);
			defaultConfigurationIsVisible = 0;
			defaultConfigurationName = Release;
		};
/* End XCConfigurationList section */
	};
	rootObject = 244210E48437B6556980A702 /* Project object */;
}
